{
  "requires": true,
  "lockfileVersion": 1,
  "dependencies": {
    "regex-tools": {
      "version": "0.3.8",
      "resolved": "https://registry.npmjs.org/regex-tools/-/regex-tools-0.3.8.tgz",
      "integrity": "sha512-mQAyACcXOP+vGzDaCehX+aN6J+eLyB4o1KeJcBYaN5H2vUGwdHFOnzTIUqzXw+Z5aLBDDHRQOHFdlNf4CwXJ4Q==",
      "dev": true,
      "requires": {
        "tslang": "^0.1.11"
      }
    },
    "tslang": {
      "version": "0.1.22",
      "resolved": "https://registry.npmjs.org/tslang/-/tslang-0.1.22.tgz",
      "integrity": "sha512-7wFN8784UBKxpmpN1Ve+dQMl+2N7CnxLIZMPlUnEk8TqjY7o2vY5llcuHNkfeVPd4LnbMM73myd5t2wtiEhjZg=="
    }
  }
}
